
Microsoft Visual Studio Solution File, Format Version 12.00
# Visual Studio Version 17
VisualStudioVersion = 17.5.33530.505
MinimumVisualStudioVersion = 10.0.40219.1
Project("{FAE04EC0-301F-11D3-BF4B-00C04F79EFBC}") = "Project", "Project.csproj", "{D08C239D-6307-4113-AA29-F7436135BE50}"
EndProject
Global
	GlobalSection(SolutionConfigurationPlatforms) = preSolution
		Debug|Any CPU = Debug|Any CPU
		Release|Any CPU = Release|Any CPU
	EndGlobalSection
	GlobalSection(ProjectConfigurationPlatforms) = postSolution
		{D08C239D-6307-4113-AA29-F7436135BE50}.Debug|Any CPU.ActiveCfg = Debug|Any CPU
		{D08C239D-6307-4113-AA29-F7436135BE50}.Debug|Any CPU.Build.0 = Debug|Any CPU
		{D08C239D-6307-4113-AA29-F7436135BE50}.Release|Any CPU.ActiveCfg = Release|Any CPU
		{D08C239D-6307-4113-AA29-F7436135BE50}.Release|Any CPU.Build.0 = Release|Any CPU
	EndGlobalSection
	GlobalSection(SolutionProperties) = preSolution
		HideSolutionNode = FALSE
	EndGlobalSection
	GlobalSection(ExtensibilityGlobals) = postSolution
		SolutionGuid = {9B4921FC-E8F7-44CF-BC0D-160AEBFC1188}
	EndGlobalSection
EndGlobal
